
Microsoft Visual Studio Solution File, Format Version 12.00
# Visual Studio Version 16
VisualStudioVersion = 16.0.32802.440
MinimumVisualStudioVersion = 10.0.40219.1
Project("{FAE04EC0-301F-11D3-BF4B-00C04F79EFBC}") = "metodoasiic", "metodoasiic\metodoasiic.csproj", "{262FF9BD-6644-4222-BACD-CFDB576B8C1F}"
EndProject
Global
	GlobalSection(SolutionConfigurationPlatforms) = preSolution
		Debug|Any CPU = Debug|Any CPU
		Release|Any CPU = Release|Any CPU
	EndGlobalSection
	GlobalSection(ProjectConfigurationPlatforms) = postSolution
		{262FF9BD-6644-4222-BACD-CFDB576B8C1F}.Debug|Any CPU.ActiveCfg = Debug|Any CPU
		{262FF9BD-6644-4222-BACD-CFDB576B8C1F}.Debug|Any CPU.Build.0 = Debug|Any CPU
		{262FF9BD-6644-4222-BACD-CFDB576B8C1F}.Release|Any CPU.ActiveCfg = Release|Any CPU
		{262FF9BD-6644-4222-BACD-CFDB576B8C1F}.Release|Any CPU.Build.0 = Release|Any CPU
	EndGlobalSection
	GlobalSection(SolutionProperties) = preSolution
		HideSolutionNode = FALSE
	EndGlobalSection
	GlobalSection(ExtensibilityGlobals) = postSolution
		SolutionGuid = {3A9FD656-FE8D-4ADF-A315-D7D6BEC36C90}
	EndGlobalSection
EndGlobal
